{
  "object": {
    "pins": [
      {
        "package": "BigInt",
        "repositoryURL": "https://github.com/attaswift/BigInt.git",
        "state": {
          "branch": null,
          "revision": "19f5e8a48be155e34abb98a2bcf4a343316f0343",
          "version": "5.0.0"
        }
      },
      {
        "package": "OrderedDictionary",
        "repositoryURL": "https://github.com/lukaskubanek/OrderedDictionary.git",
        "state": {
          "branch": null,
          "revision": "69ed90dcfc8cf380c81fd16c7a6d699e74870ad9",
          "version": "2.3.0"
        }
      },
      {
        "package": "PotentCodables",
        "repositoryURL": "https://github.com/outfoxx/PotentCodables.git",
        "state": {
          "branch": null,
          "revision": "ec076a59771f7de1064cbf41dad1fe05b99de64d",
          "version": "1.6.2"
        }
      },
      {
        "package": "Regex",
        "repositoryURL": "https://github.com/sharplet/Regex.git",
        "state": {
          "branch": null,
          "revision": "a819aed0e9555268c29a62500fe6fb781ae7f57d",
          "version": "2.1.0"
        }
      }
    ]
  },
  "version": 1
}
